# THIS IS AN AUTOGENERATED FILE. DO NOT EDIT THIS FILE DIRECTLY.
# yarn lockfile v1


"@vercel/ncc@^0.31.1":
  version "0.31.1"
  resolved "https://registry.yarnpkg.com/@vercel/ncc/-/ncc-0.31.1.tgz#9346c7e59326f5eeac75c0286e47df94c2d6d8f7"
  integrity sha512-g0FAxwdViI6UzsiVz5HssIHqjcPa1EHL6h+2dcJD893SoCJaGdqqgUF09xnMW6goWnnhbLvgiKlgJWrJa+7qYA==

yaml@^2.0.0:
  version "2.0.0"
  resolved "https://registry.yarnpkg.com/yaml/-/yaml-2.0.0.tgz#cbc588ad58e0cd924cd3f5f2b1a9485103048e25"
  integrity sha512-JbfdlHKGP2Ik9IHylzWlGd4pPK++EU46/IxMykphS2ZKw7a7h+dHNmcXObLgpRDriBY+rpWslldikckX8oruWQ==
